
Microsoft Visual Studio Solution File, Format Version 12.00
# Visual Studio 14
VisualStudioVersion = 14.0.25420.1
MinimumVisualStudioVersion = 10.0.40219.1
Project("{FAE04EC0-301F-11D3-BF4B-00C04F79EFBC}") = "BUS", "Source\BUS\BUS.csproj", "{9A201FC0-99B0-4AA6-AFBD-B903C393FEB7}"
EndProject
Project("{FAE04EC0-301F-11D3-BF4B-00C04F79EFBC}") = "DAO", "Source\DAO\DAO.csproj", "{8D734B2D-555B-4198-A3CB-944EFFAF55A1}"
EndProject
Project("{FAE04EC0-301F-11D3-BF4B-00C04F79EFBC}") = "DTO", "Source\DTO\DTO.csproj", "{8C928519-6B71-41CE-961E-56A83BAE565E}"
EndProject
Project("{FAE04EC0-301F-11D3-BF4B-00C04F79EFBC}") = "QL_Nhasach", "Source\QL_Nhasach\QL_Nhasach.csproj", "{25A53F61-0CF7-4896-8E7D-89DE879CF479}"
EndProject
Global
	GlobalSection(SolutionConfigurationPlatforms) = preSolution
		Debug|Any CPU = Debug|Any CPU
		Release|Any CPU = Release|Any CPU
	EndGlobalSection
	GlobalSection(ProjectConfigurationPlatforms) = postSolution
		{9A201FC0-99B0-4AA6-AFBD-B903C393FEB7}.Debug|Any CPU.ActiveCfg = Debug|Any CPU
		{9A201FC0-99B0-4AA6-AFBD-B903C393FEB7}.Debug|Any CPU.Build.0 = Debug|Any CPU
		{9A201FC0-99B0-4AA6-AFBD-B903C393FEB7}.Release|Any CPU.ActiveCfg = Release|Any CPU
		{9A201FC0-99B0-4AA6-AFBD-B903C393FEB7}.Release|Any CPU.Build.0 = Release|Any CPU
		{8D734B2D-555B-4198-A3CB-944EFFAF55A1}.Debug|Any CPU.ActiveCfg = Debug|Any CPU
		{8D734B2D-555B-4198-A3CB-944EFFAF55A1}.Debug|Any CPU.Build.0 = Debug|Any CPU
		{8D734B2D-555B-4198-A3CB-944EFFAF55A1}.Release|Any CPU.ActiveCfg = Release|Any CPU
		{8D734B2D-555B-4198-A3CB-944EFFAF55A1}.Release|Any CPU.Build.0 = Release|Any CPU
		{8C928519-6B71-41CE-961E-56A83BAE565E}.Debug|Any CPU.ActiveCfg = Debug|Any CPU
		{8C928519-6B71-41CE-961E-56A83BAE565E}.Debug|Any CPU.Build.0 = Debug|Any CPU
		{8C928519-6B71-41CE-961E-56A83BAE565E}.Release|Any CPU.ActiveCfg = Release|Any CPU
		{8C928519-6B71-41CE-961E-56A83BAE565E}.Release|Any CPU.Build.0 = Release|Any CPU
		{25A53F61-0CF7-4896-8E7D-89DE879CF479}.Debug|Any CPU.ActiveCfg = Debug|Any CPU
		{25A53F61-0CF7-4896-8E7D-89DE879CF479}.Debug|Any CPU.Build.0 = Debug|Any CPU
		{25A53F61-0CF7-4896-8E7D-89DE879CF479}.Release|Any CPU.ActiveCfg = Release|Any CPU
		{25A53F61-0CF7-4896-8E7D-89DE879CF479}.Release|Any CPU.Build.0 = Release|Any CPU
	EndGlobalSection
	GlobalSection(SolutionProperties) = preSolution
		HideSolutionNode = FALSE
	EndGlobalSection
EndGlobal
